{
  "name": "piante",
  "version": "0.0.1",
  "lockfileVersion": 3,
  "requires": true,
  "packages": {
    "": {
      "name": "piante",
      "version": "0.0.1",
      "dependencies": {
        "@fontsource-variable/roboto-flex": "^5.1.0",
        "leaflet": "^1.9.4"
      },
      "devDependencies": {
        "@types/leaflet": "^1.9.12",
        "prettier": "3.5.3"
      }
    },
    "node_modules/@fontsource-variable/roboto-flex": {
      "version": "5.2.6",
      "resolved": "https://registry.npmjs.org/@fontsource-variable/roboto-flex/-/roboto-flex-5.2.6.tgz",
      "integrity": "sha512-8jUDGkb6gRUexJkdUz1GThB9fshF7ENe/vVmtf+nz2MxQZZsrrYT92tST3xM+xf/BnoqL6yRkGdv9zNITiyYCw==",
      "license": "OFL-1.1",
      "funding": {
        "url": "https://github.com/sponsors/ayuhito"
      }
    },
    "node_modules/@types/geojson": {
      "version": "7946.0.16",
      "resolved": "https://registry.npmjs.org/@types/geojson/-/geojson-7946.0.16.tgz",
      "integrity": "sha512-6C8nqWur3j98U6+lXDfTUWIfgvZU+EumvpHKcYjujKH7woYyLj2sUmff0tRhrqM7BohUw7Pz3ZB1jj2gW9Fvmg==",
      "dev": true,
      "license": "MIT"
    },
    "node_modules/@types/leaflet": {
      "version": "1.9.20",
      "resolved": "https://registry.npmjs.org/@types/leaflet/-/leaflet-1.9.20.tgz",
      "integrity": "sha512-rooalPMlk61LCaLOvBF2VIf9M47HgMQqi5xQ9QRi7c8PkdIe0WrIi5IxXUXQjAdL0c+vcQ01mYWbthzmp9GHWw==",
      "dev": true,
      "license": "MIT",
      "dependencies": {
        "@types/geojson": "*"
      }
    },
    "node_modules/leaflet": {
      "version": "1.9.4",
      "resolved": "https://registry.npmjs.org/leaflet/-/leaflet-1.9.4.tgz",
      "integrity": "sha512-nxS1ynzJOmOlHp+iL3FyWqK89GtNL8U8rvlMOsQdTTssxZwCXh8N2NB3GDQOL+YR3XnWyZAxwQixURb+FA74PA==",
      "license": "BSD-2-Clause"
    },
    "node_modules/prettier": {
      "version": "3.5.3",
      "resolved": "https://registry.npmjs.org/prettier/-/prettier-3.5.3.tgz",
      "integrity": "sha512-QQtaxnoDJeAkDvDKWCLiwIXkTgRhwYDEQCghU9Z6q03iyek/rxRh/2lC3HB7P8sWT2xC/y5JDctPLBIGzHKbhw==",
      "dev": true,
      "license": "MIT",
      "bin": {
        "prettier": "bin/prettier.cjs"
      },
      "engines": {
        "node": ">=14"
      },
      "funding": {
        "url": "https://github.com/prettier/prettier?sponsor=1"
      }
    }
  }
}
